
Microsoft Visual Studio Solution File, Format Version 12.00
# Visual Studio Version 17
VisualStudioVersion = 17.2.32526.322
MinimumVisualStudioVersion = 10.0.40219.1
Project("{FAE04EC0-301F-11D3-BF4B-00C04F79EFBC}") = "Aula19", "Aula19\Aula19.csproj", "{FB7AC035-787E-4FDD-9AAC-A40CE805D170}"
EndProject
Global
	GlobalSection(SolutionConfigurationPlatforms) = preSolution
		Debug|Any CPU = Debug|Any CPU
		Release|Any CPU = Release|Any CPU
	EndGlobalSection
	GlobalSection(ProjectConfigurationPlatforms) = postSolution
		{FB7AC035-787E-4FDD-9AAC-A40CE805D170}.Debug|Any CPU.ActiveCfg = Debug|Any CPU
		{FB7AC035-787E-4FDD-9AAC-A40CE805D170}.Debug|Any CPU.Build.0 = Debug|Any CPU
		{FB7AC035-787E-4FDD-9AAC-A40CE805D170}.Release|Any CPU.ActiveCfg = Release|Any CPU
		{FB7AC035-787E-4FDD-9AAC-A40CE805D170}.Release|Any CPU.Build.0 = Release|Any CPU
	EndGlobalSection
	GlobalSection(SolutionProperties) = preSolution
		HideSolutionNode = FALSE
	EndGlobalSection
	GlobalSection(ExtensibilityGlobals) = postSolution
		SolutionGuid = {AA8B8787-2CBF-470E-86DC-2C3FA10D6DE1}
	EndGlobalSection
EndGlobal
